
Microsoft Visual Studio Solution File, Format Version 12.00
# Visual Studio Version 17
VisualStudioVersion = 17.9.34321.82
MinimumVisualStudioVersion = 10.0.40219.1
Project("{2150E333-8FDC-42A3-9474-1A3956D46DE8}") = "Solution Items", "Solution items", "{9D11B9F6-7DFB-41A6-ACA9-E5DE89C02ED4}"
	ProjectSection(SolutionItems) = preProject
		.editorconfig = .editorconfig
		appveyor.yml = appveyor.yml
		NuGet.config = NuGet.config
	EndProjectSection
EndProject
Project("{2150E333-8FDC-42A3-9474-1A3956D46DE8}") = "src", "src", "{79B2600B-6786-460B-85D7-1CB16DC9AE06}"
EndProject
Project("{9A19103F-16F7-4668-BE54-9A1E7A4F7556}") = "Microsoft.Language.Xml", "src\Microsoft.Language.Xml\Microsoft.Language.Xml.csproj", "{2989FBE6-194F-46C9-8EF4-022F62519C9A}"
EndProject
Project("{9A19103F-16F7-4668-BE54-9A1E7A4F7556}") = "Microsoft.Language.Xml.Editor", "src\Microsoft.Language.Xml.Editor\Microsoft.Language.Xml.Editor.csproj", "{C432B014-61DD-4F97-9D6F-966C1021F535}"
EndProject
Project("{2150E333-8FDC-42A3-9474-1A3956D46DE8}") = "test", "test", "{07F190D5-06B2-4F4C-B000-6EBE042AB43A}"
EndProject
Project("{9A19103F-16F7-4668-BE54-9A1E7A4F7556}") = "Microsoft.Language.Xml.Tests", "test\Microsoft.Language.Xml.Tests\Microsoft.Language.Xml.Tests.csproj", "{20B89FC2-53BD-41AF-BFE9-A029362FE49C}"
EndProject
Project("{9A19103F-16F7-4668-BE54-9A1E7A4F7556}") = "Microsoft.Language.Xml.Editor.Tests", "test\Microsoft.Language.Xml.Editor.Tests\Microsoft.Language.Xml.Editor.Tests.csproj", "{E3CEC50E-40AF-4E53-93AF-D7E2F2C9FF10}"
EndProject
Project("{2150E333-8FDC-42A3-9474-1A3956D46DE8}") = "benchmark", "benchmark", "{5D08C6A7-C10A-4CFD-8B6C-A278DC6C2701}"
EndProject
Project("{9A19103F-16F7-4668-BE54-9A1E7A4F7556}") = "Microsoft.Language.Xml.Benchmarks", "benchmark\Microsoft.Language.Xml.Benchmarks\Microsoft.Language.Xml.Benchmarks.csproj", "{7A2B7E87-9B54-437D-A7A1-B6F38BEA0819}"
EndProject
Global
	GlobalSection(SolutionConfigurationPlatforms) = preSolution
		Debug|Any CPU = Debug|Any CPU
		Release|Any CPU = Release|Any CPU
	EndGlobalSection
	GlobalSection(ProjectConfigurationPlatforms) = postSolution
		{2989FBE6-194F-46C9-8EF4-022F62519C9A}.Debug|Any CPU.ActiveCfg = Debug|Any CPU
		{2989FBE6-194F-46C9-8EF4-022F62519C9A}.Debug|Any CPU.Build.0 = Debug|Any CPU
		{2989FBE6-194F-46C9-8EF4-022F62519C9A}.Release|Any CPU.ActiveCfg = Release|Any CPU
		{2989FBE6-194F-46C9-8EF4-022F62519C9A}.Release|Any CPU.Build.0 = Release|Any CPU
		{C432B014-61DD-4F97-9D6F-966C1021F535}.Debug|Any CPU.ActiveCfg = Debug|Any CPU
		{C432B014-61DD-4F97-9D6F-966C1021F535}.Debug|Any CPU.Build.0 = Debug|Any CPU
		{C432B014-61DD-4F97-9D6F-966C1021F535}.Release|Any CPU.ActiveCfg = Release|Any CPU
		{C432B014-61DD-4F97-9D6F-966C1021F535}.Release|Any CPU.Build.0 = Release|Any CPU
		{20B89FC2-53BD-41AF-BFE9-A029362FE49C}.Debug|Any CPU.ActiveCfg = Debug|Any CPU
		{20B89FC2-53BD-41AF-BFE9-A029362FE49C}.Debug|Any CPU.Build.0 = Debug|Any CPU
		{20B89FC2-53BD-41AF-BFE9-A029362FE49C}.Release|Any CPU.ActiveCfg = Release|Any CPU
		{20B89FC2-53BD-41AF-BFE9-A029362FE49C}.Release|Any CPU.Build.0 = Release|Any CPU
		{E3CEC50E-40AF-4E53-93AF-D7E2F2C9FF10}.Debug|Any CPU.ActiveCfg = Debug|Any CPU
		{E3CEC50E-40AF-4E53-93AF-D7E2F2C9FF10}.Debug|Any CPU.Build.0 = Debug|Any CPU
		{E3CEC50E-40AF-4E53-93AF-D7E2F2C9FF10}.Release|Any CPU.ActiveCfg = Release|Any CPU
		{E3CEC50E-40AF-4E53-93AF-D7E2F2C9FF10}.Release|Any CPU.Build.0 = Release|Any CPU
		{7A2B7E87-9B54-437D-A7A1-B6F38BEA0819}.Debug|Any CPU.ActiveCfg = Debug|Any CPU
		{7A2B7E87-9B54-437D-A7A1-B6F38BEA0819}.Debug|Any CPU.Build.0 = Debug|Any CPU
		{7A2B7E87-9B54-437D-A7A1-B6F38BEA0819}.Release|Any CPU.ActiveCfg = Release|Any CPU
		{7A2B7E87-9B54-437D-A7A1-B6F38BEA0819}.Release|Any CPU.Build.0 = Release|Any CPU
	EndGlobalSection
	GlobalSection(SolutionProperties) = preSolution
		HideSolutionNode = FALSE
	EndGlobalSection
	GlobalSection(NestedProjects) = preSolution
		{2989FBE6-194F-46C9-8EF4-022F62519C9A} = {79B2600B-6786-460B-85D7-1CB16DC9AE06}
		{C432B014-61DD-4F97-9D6F-966C1021F535} = {79B2600B-6786-460B-85D7-1CB16DC9AE06}
		{20B89FC2-53BD-41AF-BFE9-A029362FE49C} = {07F190D5-06B2-4F4C-B000-6EBE042AB43A}
		{E3CEC50E-40AF-4E53-93AF-D7E2F2C9FF10} = {07F190D5-06B2-4F4C-B000-6EBE042AB43A}
		{7A2B7E87-9B54-437D-A7A1-B6F38BEA0819} = {5D08C6A7-C10A-4CFD-8B6C-A278DC6C2701}
	EndGlobalSection
EndGlobal
